
Microsoft Visual Studio Solution File, Format Version 12.00
# Visual Studio Version 17
VisualStudioVersion = 17.14.36414.22 d17.14
MinimumVisualStudioVersion = 10.0.40219.1
Project("{FAE04EC0-301F-11D3-BF4B-00C04F79EFBC}") = "reverse-words-in-a-string", "reverse-words-in-a-string.csproj", "{45491E6E-32D2-48F5-95FF-20ED6998F5E4}"
EndProject
Global
	GlobalSection(SolutionConfigurationPlatforms) = preSolution
		Debug|Any CPU = Debug|Any CPU
		Release|Any CPU = Release|Any CPU
	EndGlobalSection
	GlobalSection(ProjectConfigurationPlatforms) = postSolution
		{45491E6E-32D2-48F5-95FF-20ED6998F5E4}.Debug|Any CPU.ActiveCfg = Debug|Any CPU
		{45491E6E-32D2-48F5-95FF-20ED6998F5E4}.Debug|Any CPU.Build.0 = Debug|Any CPU
		{45491E6E-32D2-48F5-95FF-20ED6998F5E4}.Release|Any CPU.ActiveCfg = Release|Any CPU
		{45491E6E-32D2-48F5-95FF-20ED6998F5E4}.Release|Any CPU.Build.0 = Release|Any CPU
	EndGlobalSection
	GlobalSection(SolutionProperties) = preSolution
		HideSolutionNode = FALSE
	EndGlobalSection
	GlobalSection(ExtensibilityGlobals) = postSolution
		SolutionGuid = {FE94FDF2-C7AF-46CD-AB84-32366465C792}
	EndGlobalSection
EndGlobal
