
Microsoft Visual Studio Solution File, Format Version 12.00
# Visual Studio Version 17
VisualStudioVersion = 17.14.36414.22 d17.14
MinimumVisualStudioVersion = 10.0.40219.1
Project("{FAE04EC0-301F-11D3-BF4B-00C04F79EFBC}") = "product-of-array-except-self", "product-of-array-except-self.csproj", "{2B519363-E514-442C-844E-4C2E51CF390C}"
EndProject
Global
	GlobalSection(SolutionConfigurationPlatforms) = preSolution
		Debug|Any CPU = Debug|Any CPU
		Release|Any CPU = Release|Any CPU
	EndGlobalSection
	GlobalSection(ProjectConfigurationPlatforms) = postSolution
		{2B519363-E514-442C-844E-4C2E51CF390C}.Debug|Any CPU.ActiveCfg = Debug|Any CPU
		{2B519363-E514-442C-844E-4C2E51CF390C}.Debug|Any CPU.Build.0 = Debug|Any CPU
		{2B519363-E514-442C-844E-4C2E51CF390C}.Release|Any CPU.ActiveCfg = Release|Any CPU
		{2B519363-E514-442C-844E-4C2E51CF390C}.Release|Any CPU.Build.0 = Release|Any CPU
	EndGlobalSection
	GlobalSection(SolutionProperties) = preSolution
		HideSolutionNode = FALSE
	EndGlobalSection
	GlobalSection(ExtensibilityGlobals) = postSolution
		SolutionGuid = {24A6A111-7370-4AF6-A391-D9E115AEEF36}
	EndGlobalSection
EndGlobal
